// !$*UTF8*$!
{
	archiveVersion = 1;
	classes = {
	};
	objectVersion = 50;
	objects = {

/* Begin PBXBuildFile section */
		6020B9C7263943F0004E6292 /* Delm-Medium.otf in Resources */ = {isa = PBXBuildFile; fileRef = 6020B9C6263943F0004E6292 /* Delm-Medium.otf */; };
		6020B9CA263943FE004E6292 /* ThirstySoftRegular.otf in Resources */ = {isa = PBXBuildFile; fileRef = 6020B9C9263943FE004E6292 /* ThirstySoftRegular.otf */; };
		604AA5C32626CC200097DB0F /* AppDelegate.swift in Sources */ = {isa = PBXBuildFile; fileRef = 604AA5C22626CC200097DB0F /* AppDelegate.swift */; };
		604AA5C72626CC200097DB0F /* ViewController.swift in Sources */ = {isa = PBXBuildFile; fileRef = 604AA5C62626CC200097DB0F /* ViewController.swift */; };
		604AA5CA2626CC200097DB0F /* Main.storyboard in Resources */ = {isa = PBXBuildFile; fileRef = 604AA5C82626CC200097DB0F /* Main.storyboard */; };
		604AA5CC2626CC210097DB0F /* Assets.xcassets in Resources */ = {isa = PBXBuildFile; fileRef = 604AA5CB2626CC210097DB0F /* Assets.xcassets */; };
		604AA5CF2626CC210097DB0F /* LaunchScreen.storyboard in Resources */ = {isa = PBXBuildFile; fileRef = 604AA5CD2626CC210097DB0F /* LaunchScreen.storyboard */; };
/* End PBXBuildFile section */

/* Begin PBXFileReference section */
		6020B9C6263943F0004E6292 /* Delm-Medium.otf */ = {isa = PBXFileReference; lastKnownFileType = file; name = "Delm-Medium.otf"; path = "../../../../../../Downloads/Projet4-Instagrid-OC-master/Instagrid/Delm-Medium.otf"; sourceTree = "<group>"; };
		6020B9C9263943FE004E6292 /* ThirstySoftRegular.otf */ = {isa = PBXFileReference; lastKnownFileType = file; name = ThirstySoftRegular.otf; path = "../../../../../../Downloads/Projet4-Instagrid-OC-master/Instagrid/ThirstySoftRegular.otf"; sourceTree = "<group>"; };
		604AA5BF2626CC200097DB0F /* P04_Instagrid.app */ = {isa = PBXFileReference; explicitFileType = wrapper.application; includeInIndex = 0; path = P04_Instagrid.app; sourceTree = BUILT_PRODUCTS_DIR; };
		604AA5C22626CC200097DB0F /* AppDelegate.swift */ = {isa = PBXFileReference; lastKnownFileType = sourcecode.swift; path = AppDelegate.swift; sourceTree = "<group>"; };
		604AA5C62626CC200097DB0F /* ViewController.swift */ = {isa = PBXFileReference; lastKnownFileType = sourcecode.swift; path = ViewController.swift; sourceTree = "<group>"; };
		604AA5C92626CC200097DB0F /* Base */ = {isa = PBXFileReference; lastKnownFileType = file.storyboard; name = Base; path = Base.lproj/Main.storyboard; sourceTree = "<group>"; };
		604AA5CB2626CC210097DB0F /* Assets.xcassets */ = {isa = PBXFileReference; lastKnownFileType = folder.assetcatalog; path = Assets.xcassets; sourceTree = "<group>"; };
		604AA5CE2626CC210097DB0F /* Base */ = {isa = PBXFileReference; lastKnownFileType = file.storyboard; name = Base; path = Base.lproj/LaunchScreen.storyboard; sourceTree = "<group>"; };
		604AA5D02626CC210097DB0F /* Info.plist */ = {isa = PBXFileReference; lastKnownFileType = text.plist.xml; path = Info.plist; sourceTree = "<group>"; };
/* End PBXFileReference section */

/* Begin PBXFrameworksBuildPhase section */
		604AA5BC2626CC200097DB0F /* Frameworks */ = {
			isa = PBXFrameworksBuildPhase;
			buildActionMask = 2147483647;
			files = (
			);
			runOnlyForDeploymentPostprocessing = 0;
		};
/* End PBXFrameworksBuildPhase section */

/* Begin PBXGroup section */
		602A6ACD26288719007E1F7D /* Model */ = {
			isa = PBXGroup;
			children = (
			);
			path = Model;
			sourceTree = "<group>";
		};
		602A6ACE26288721007E1F7D /* View */ = {
			isa = PBXGroup;
			children = (
				604AA5CD2626CC210097DB0F /* LaunchScreen.storyboard */,
				604AA5C82626CC200097DB0F /* Main.storyboard */,
			);
			path = View;
			sourceTree = "<group>";
		};
		602A6ACF26288728007E1F7D /* Controller */ = {
			isa = PBXGroup;
			children = (
				604AA5C62626CC200097DB0F /* ViewController.swift */,
			);
			path = Controller;
			sourceTree = "<group>";
		};
		602A6AD02628874F007E1F7D /* SupportingFiles */ = {
			isa = PBXGroup;
			children = (
				6020B9C6263943F0004E6292 /* Delm-Medium.otf */,
				6020B9C9263943FE004E6292 /* ThirstySoftRegular.otf */,
				604AA5C22626CC200097DB0F /* AppDelegate.swift */,
			);
			path = SupportingFiles;
			sourceTree = "<group>";
		};
		604AA5B62626CC200097DB0F = {
			isa = PBXGroup;
			children = (
				604AA5C12626CC200097DB0F /* P04_Instagrid */,
				604AA5C02626CC200097DB0F /* Products */,
			);
			sourceTree = "<group>";
		};
		604AA5C02626CC200097DB0F /* Products */ = {
			isa = PBXGroup;
			children = (
				604AA5BF2626CC200097DB0F /* P04_Instagrid.app */,
			);
			name = Products;
			sourceTree = "<group>";
		};
		604AA5C12626CC200097DB0F /* P04_Instagrid */ = {
			isa = PBXGroup;
			children = (
				602A6AD02628874F007E1F7D /* SupportingFiles */,
				602A6ACF26288728007E1F7D /* Controller */,
				602A6ACE26288721007E1F7D /* View */,
				602A6ACD26288719007E1F7D /* Model */,
				604AA5CB2626CC210097DB0F /* Assets.xcassets */,
				604AA5D02626CC210097DB0F /* Info.plist */,
			);
			path = P04_Instagrid;
			sourceTree = "<group>";
		};
/* End PBXGroup section */

/* Begin PBXNativeTarget section */
		604AA5BE2626CC200097DB0F /* P04_Instagrid */ = {
			isa = PBXNativeTarget;
			buildConfigurationList = 604AA5D32626CC210097DB0F /* Build configuration list for PBXNativeTarget "P04_Instagrid" */;
			buildPhases = (
				604AA5BB2626CC200097DB0F /* Sources */,
				604AA5BC2626CC200097DB0F /* Frameworks */,
				604AA5BD2626CC200097DB0F /* Resources */,
			);
			buildRules = (
			);
			dependencies = (
			);
			name = P04_Instagrid;
			productName = P04_Instagrid;
			productReference = 604AA5BF2626CC200097DB0F /* P04_Instagrid.app */;
			productType = "com.apple.product-type.application";
		};
/* End PBXNativeTarget section */

/* Begin PBXProject section */
		604AA5B72626CC200097DB0F /* Project object */ = {
			isa = PBXProject;
			attributes = {
				LastSwiftUpdateCheck = 1240;
				LastUpgradeCheck = 1240;
				TargetAttributes = {
					604AA5BE2626CC200097DB0F = {
						CreatedOnToolsVersion = 12.4;
					};
				};
			};
			buildConfigurationList = 604AA5BA2626CC200097DB0F /* Build configuration list for PBXProject "P04_Instagrid" */;
			compatibilityVersion = "Xcode 9.3";
			developmentRegion = en;
			hasScannedForEncodings = 0;
			knownRegions = (
				en,
				Base,
			);
			mainGroup = 604AA5B62626CC200097DB0F;
			productRefGroup = 604AA5C02626CC200097DB0F /* Products */;
			projectDirPath = "";
			projectRoot = "";
			targets = (
				604AA5BE2626CC200097DB0F /* P04_Instagrid */,
			);
		};
/* End PBXProject section */

/* Begin PBXResourcesBuildPhase section */
		604AA5BD2626CC200097DB0F /* Resources */ = {
			isa = PBXResourcesBuildPhase;
			buildActionMask = 2147483647;
			files = (
				604AA5CF2626CC210097DB0F /* LaunchScreen.storyboard in Resources */,
				604AA5CC2626CC210097DB0F /* Assets.xcassets in Resources */,
				6020B9CA263943FE004E6292 /* ThirstySoftRegular.otf in Resources */,
				6020B9C7263943F0004E6292 /* Delm-Medium.otf in Resources */,
				604AA5CA2626CC200097DB0F /* Main.storyboard in Resources */,
			);
			runOnlyForDeploymentPostprocessing = 0;
		};
/* End PBXResourcesBuildPhase section */

/* Begin PBXSourcesBuildPhase section */
		604AA5BB2626CC200097DB0F /* Sources */ = {
			isa = PBXSourcesBuildPhase;
			buildActionMask = 2147483647;
			files = (
				604AA5C72626CC200097DB0F /* ViewController.swift in Sources */,
				604AA5C32626CC200097DB0F /* AppDelegate.swift in Sources */,
			);
			runOnlyForDeploymentPostprocessing = 0;
		};
/* End PBXSourcesBuildPhase section */

/* Begin PBXVariantGroup section */
		604AA5C82626CC200097DB0F /* Main.storyboard */ = {
			isa = PBXVariantGroup;
			children = (
				604AA5C92626CC200097DB0F /* Base */,
			);
			name = Main.storyboard;
			sourceTree = "<group>";
		};
		604AA5CD2626CC210097DB0F /* LaunchScreen.storyboard */ = {
			isa = PBXVariantGroup;
			children = (
				604AA5CE2626CC210097DB0F /* Base */,
			);
			name = LaunchScreen.storyboard;
			sourceTree = "<group>";
		};
/* End PBXVariantGroup section */

/* Begin XCBuildConfiguration section */
		604AA5D12626CC210097DB0F /* Debug */ = {
			isa = XCBuildConfiguration;
			buildSettings = {
				ALWAYS_SEARCH_USER_PATHS = NO;
				CLANG_ANALYZER_NONNULL = YES;
				CLANG_ANALYZER_NUMBER_OBJECT_CONVERSION = YES_AGGRESSIVE;
				CLANG_CXX_LANGUAGE_STANDARD = "gnu++14";
				CLANG_CXX_LIBRARY = "libc++";
				CLANG_ENABLE_MODULES = YES;
				CLANG_ENABLE_OBJC_ARC = YES;
				CLANG_ENABLE_OBJC_WEAK = YES;
				CLANG_WARN_BLOCK_CAPTURE_AUTORELEASING = YES;
				CLANG_WARN_BOOL_CONVERSION = YES;
				CLANG_WARN_COMMA = YES;
				CLANG_WARN_CONSTANT_CONVERSION = YES;
				CLANG_WARN_DEPRECATED_OBJC_IMPLEMENTATIONS = YES;
				CLANG_WARN_DIRECT_OBJC_ISA_USAGE = YES_ERROR;
				CLANG_WARN_DOCUMENTATION_COMMENTS = YES;
				CLANG_WARN_EMPTY_BODY = YES;
				CLANG_WARN_ENUM_CONVERSION = YES;
				CLANG_WARN_INFINITE_RECURSION = YES;
				CLANG_WARN_INT_CONVERSION = YES;
				CLANG_WARN_NON_LITERAL_NULL_CONVERSION = YES;
				CLANG_WARN_OBJC_IMPLICIT_RETAIN_SELF = YES;
				CLANG_WARN_OBJC_LITERAL_CONVERSION = YES;
				CLANG_WARN_OBJC_ROOT_CLASS = YES_ERROR;
				CLANG_WARN_QUOTED_INCLUDE_IN_FRAMEWORK_HEADER = YES;
				CLANG_WARN_RANGE_LOOP_ANALYSIS = YES;
				CLANG_WARN_STRICT_PROTOTYPES = YES;
				CLANG_WARN_SUSPICIOUS_MOVE = YES;
				CLANG_WARN_UNGUARDED_AVAILABILITY = YES_AGGRESSIVE;
				CLANG_WARN_UNREACHABLE_CODE = YES;
				CLANG_WARN__DUPLICATE_METHOD_MATCH = YES;
				COPY_PHASE_STRIP = NO;
				DEBUG_INFORMATION_FORMAT = dwarf;
				ENABLE_STRICT_OBJC_MSGSEND = YES;
				ENABLE_TESTABILITY = YES;
				GCC_C_LANGUAGE_STANDARD = gnu11;
				GCC_DYNAMIC_NO_PIC = NO;
				GCC_NO_COMMON_BLOCKS = YES;
				GCC_OPTIMIZATION_LEVEL = 0;
				GCC_PREPROCESSOR_DEFINITIONS = (
					"DEBUG=1",
					"$(inherited)",
				);
				GCC_WARN_64_TO_32_BIT_CONVERSION = YES;
				GCC_WARN_ABOUT_RETURN_TYPE = YES_ERROR;
				GCC_WARN_UNDECLARED_SELECTOR = YES;
				GCC_WARN_UNINITIALIZED_AUTOS = YES_AGGRESSIVE;
				GCC_WARN_UNUSED_FUNCTION = YES;
				GCC_WARN_UNUSED_VARIABLE = YES;
				IPHONEOS_DEPLOYMENT_TARGET = 11.0;
				MTL_ENABLE_DEBUG_INFO = INCLUDE_SOURCE;
				MTL_FAST_MATH = YES;
				ONLY_ACTIVE_ARCH = YES;
				SDKROOT = iphoneos;
				SWIFT_ACTIVE_COMPILATION_CONDITIONS = DEBUG;
				SWIFT_OPTIMIZATION_LEVEL = "-Onone";
			};
			name = Debug;
		};
		604AA5D22626CC210097DB0F /* Release */ = {
			isa = XCBuildConfiguration;
			buildSettings = {
				ALWAYS_SEARCH_USER_PATHS = NO;
				CLANG_ANALYZER_NONNULL = YES;
				CLANG_ANALYZER_NUMBER_OBJECT_CONVERSION = YES_AGGRESSIVE;
				CLANG_CXX_LANGUAGE_STANDARD = "gnu++14";
				CLANG_CXX_LIBRARY = "libc++";
				CLANG_ENABLE_MODULES = YES;
				CLANG_ENABLE_OBJC_ARC = YES;
				CLANG_ENABLE_OBJC_WEAK = YES;
				CLANG_WARN_BLOCK_CAPTURE_AUTORELEASING = YES;
				CLANG_WARN_BOOL_CONVERSION = YES;
				CLANG_WARN_COMMA = YES;
				CLANG_WARN_CONSTANT_CONVERSION = YES;
				CLANG_WARN_DEPRECATED_OBJC_IMPLEMENTATIONS = YES;
				CLANG_WARN_DIRECT_OBJC_ISA_USAGE = YES_ERROR;
				CLANG_WARN_DOCUMENTATION_COMMENTS = YES;
				CLANG_WARN_EMPTY_BODY = YES;
				CLANG_WARN_ENUM_CONVERSION = YES;
				CLANG_WARN_INFINITE_RECURSION = YES;
				CLANG_WARN_INT_CONVERSION = YES;
				CLANG_WARN_NON_LITERAL_NULL_CONVERSION = YES;
				CLANG_WARN_OBJC_IMPLICIT_RETAIN_SELF = YES;
				CLANG_WARN_OBJC_LITERAL_CONVERSION = YES;
				CLANG_WARN_OBJC_ROOT_CLASS = YES_ERROR;
				CLANG_WARN_QUOTED_INCLUDE_IN_FRAMEWORK_HEADER = YES;
				CLANG_WARN_RANGE_LOOP_ANALYSIS = YES;
				CLANG_WARN_STRICT_PROTOTYPES = YES;
				CLANG_WARN_SUSPICIOUS_MOVE = YES;
				CLANG_WARN_UNGUARDED_AVAILABILITY = YES_AGGRESSIVE;
				CLANG_WARN_UNREACHABLE_CODE = YES;
				CLANG_WARN__DUPLICATE_METHOD_MATCH = YES;
				COPY_PHASE_STRIP = NO;
				DEBUG_INFORMATION_FORMAT = "dwarf-with-dsym";
				ENABLE_NS_ASSERTIONS = NO;
				ENABLE_STRICT_OBJC_MSGSEND = YES;
				GCC_C_LANGUAGE_STANDARD = gnu11;
				GCC_NO_COMMON_BLOCKS = YES;
				GCC_WARN_64_TO_32_BIT_CONVERSION = YES;
				GCC_WARN_ABOUT_RETURN_TYPE = YES_ERROR;
				GCC_WARN_UNDECLARED_SELECTOR = YES;
				GCC_WARN_UNINITIALIZED_AUTOS = YES_AGGRESSIVE;
				GCC_WARN_UNUSED_FUNCTION = YES;
				GCC_WARN_UNUSED_VARIABLE = YES;
				IPHONEOS_DEPLOYMENT_TARGET = 11.0;
				MTL_ENABLE_DEBUG_INFO = NO;
				MTL_FAST_MATH = YES;
				SDKROOT = iphoneos;
				SWIFT_COMPILATION_MODE = wholemodule;
				SWIFT_OPTIMIZATION_LEVEL = "-O";
				VALIDATE_PRODUCT = YES;
			};
			name = Release;
		};
		604AA5D42626CC210097DB0F /* Debug */ = {
			isa = XCBuildConfiguration;
			buildSettings = {
				ASSETCATALOG_COMPILER_APPICON_NAME = AppIcon;
				ASSETCATALOG_COMPILER_GLOBAL_ACCENT_COLOR_NAME = AccentColor;
				CODE_SIGN_STYLE = Automatic;
				DEVELOPMENT_TEAM = 4449N9T968;
				INFOPLIST_FILE = P04_Instagrid/Info.plist;
				IPHONEOS_DEPLOYMENT_TARGET = 11.0;
				LD_RUNPATH_SEARCH_PATHS = (
					"$(inherited)",
					"@executable_path/Frameworks",
				);
				PRODUCT_BUNDLE_IDENTIFIER = "TomF.P04-Instagrid";
				PRODUCT_NAME = "$(TARGET_NAME)";
				SWIFT_VERSION = 5.0;
				TARGETED_DEVICE_FAMILY = 1;
			};
			name = Debug;
		};
		604AA5D52626CC210097DB0F /* Release */ = {
			isa = XCBuildConfiguration;
			buildSettings = {
				ASSETCATALOG_COMPILER_APPICON_NAME = AppIcon;
				ASSETCATALOG_COMPILER_GLOBAL_ACCENT_COLOR_NAME = AccentColor;
				CODE_SIGN_STYLE = Automatic;
				DEVELOPMENT_TEAM = 4449N9T968;
				INFOPLIST_FILE = P04_Instagrid/Info.plist;
				IPHONEOS_DEPLOYMENT_TARGET = 11.0;
				LD_RUNPATH_SEARCH_PATHS = (
					"$(inherited)",
					"@executable_path/Frameworks",
				);
				PRODUCT_BUNDLE_IDENTIFIER = "TomF.P04-Instagrid";
				PRODUCT_NAME = "$(TARGET_NAME)";
				SWIFT_VERSION = 5.0;
				TARGETED_DEVICE_FAMILY = 1;
			};
			name = Release;
		};
/* End XCBuildConfiguration section */

/* Begin XCConfigurationList section */
		604AA5BA2626CC200097DB0F /* Build configuration list for PBXProject "P04_Instagrid" */ = {
			isa = XCConfigurationList;
			buildConfigurations = (
				604AA5D12626CC210097DB0F /* Debug */,
				604AA5D22626CC210097DB0F /* Release */,
			);
			defaultConfigurationIsVisible = 0;
			defaultConfigurationName = Release;
		};
		604AA5D32626CC210097DB0F /* Build configuration list for PBXNativeTarget "P04_Instagrid" */ = {
			isa = XCConfigurationList;
			buildConfigurations = (
				604AA5D42626CC210097DB0F /* Debug */,
				604AA5D52626CC210097DB0F /* Release */,
			);
			defaultConfigurationIsVisible = 0;
			defaultConfigurationName = Release;
		};
/* End XCConfigurationList section */
	};
	rootObject = 604AA5B72626CC200097DB0F /* Project object */;
}
